
Microsoft Visual Studio Solution File, Format Version 12.00
# Visual Studio Version 16
VisualStudioVersion = 16.0.33027.164
MinimumVisualStudioVersion = 10.0.40219.1
Project("{E24C65DC-7377-472B-9ABA-BC803B73C61A}") = "TrainingDemo", "TrainingDemo\", "{1578EBB6-9E48-4A35-A150-EA2472AD15F4}"
	ProjectSection(WebsiteProperties) = preProject
		TargetFrameworkMoniker = ".NETFramework,Version%3Dv4.7.2"
		Debug.AspNetCompiler.VirtualPath = "/localhost_49948"
		Debug.AspNetCompiler.PhysicalPath = "TrainingDemo\"
		Debug.AspNetCompiler.TargetPath = "PrecompiledWeb\localhost_49948\"
		Debug.AspNetCompiler.Updateable = "true"
		Debug.AspNetCompiler.ForceOverwrite = "true"
		Debug.AspNetCompiler.FixedNames = "false"
		Debug.AspNetCompiler.Debug = "True"
		Release.AspNetCompiler.VirtualPath = "/localhost_49948"
		Release.AspNetCompiler.PhysicalPath = "TrainingDemo\"
		Release.AspNetCompiler.TargetPath = "PrecompiledWeb\localhost_49948\"
		Release.AspNetCompiler.Updateable = "true"
		Release.AspNetCompiler.ForceOverwrite = "true"
		Release.AspNetCompiler.FixedNames = "false"
		Release.AspNetCompiler.Debug = "False"
		VWDPort = "49948"
		SlnRelativePath = "TrainingDemo\"
		DefaultWebSiteLanguage = "Visual C#"
	EndProjectSection
EndProject
Global
	GlobalSection(SolutionConfigurationPlatforms) = preSolution
		Debug|Any CPU = Debug|Any CPU
	EndGlobalSection
	GlobalSection(ProjectConfigurationPlatforms) = postSolution
		{1578EBB6-9E48-4A35-A150-EA2472AD15F4}.Debug|Any CPU.ActiveCfg = Debug|Any CPU
		{1578EBB6-9E48-4A35-A150-EA2472AD15F4}.Debug|Any CPU.Build.0 = Debug|Any CPU
	EndGlobalSection
	GlobalSection(SolutionProperties) = preSolution
		HideSolutionNode = FALSE
	EndGlobalSection
	GlobalSection(ExtensibilityGlobals) = postSolution
		SolutionGuid = {9488B326-5BB8-4D1E-A941-4B1F99D48751}
	EndGlobalSection
EndGlobal
